
Microsoft Visual Studio Solution File, Format Version 12.00
# Visual Studio 15
VisualStudioVersion = 15.0.27703.2035
MinimumVisualStudioVersion = 10.0.40219.1
Project("{9092AA53-FB77-4645-B42D-1CCCA6BD08BD}") = "StorageService", "StorageService\StorageService.njsproj", "{AF0EEE35-34A7-404B-9958-B97B9A3AF726}"
EndProject
Global
	GlobalSection(SolutionConfigurationPlatforms) = preSolution
		Debug|Any CPU = Debug|Any CPU
		Release|Any CPU = Release|Any CPU
	EndGlobalSection
	GlobalSection(ProjectConfigurationPlatforms) = postSolution
		{AF0EEE35-34A7-404B-9958-B97B9A3AF726}.Debug|Any CPU.ActiveCfg = Debug|Any CPU
		{AF0EEE35-34A7-404B-9958-B97B9A3AF726}.Debug|Any CPU.Build.0 = Debug|Any CPU
		{AF0EEE35-34A7-404B-9958-B97B9A3AF726}.Release|Any CPU.ActiveCfg = Release|Any CPU
		{AF0EEE35-34A7-404B-9958-B97B9A3AF726}.Release|Any CPU.Build.0 = Release|Any CPU
	EndGlobalSection
	GlobalSection(SolutionProperties) = preSolution
		HideSolutionNode = FALSE
	EndGlobalSection
	GlobalSection(ExtensibilityGlobals) = postSolution
		SolutionGuid = {E9E0C6B3-D9CD-4FB6-841F-B4D3C3E830B4}
	EndGlobalSection
EndGlobal
